
Microsoft Visual Studio Solution File, Format Version 12.00
# Visual Studio 14
VisualStudioVersion = 14.0.25420.1
MinimumVisualStudioVersion = 10.0.40219.1
Project("{FAE04EC0-301F-11D3-BF4B-00C04F79EFBC}") = "KIT206_Tutorial05", "Tutorial6\KIT206_Tutorial05.csproj", "{A34242FE-9361-413C-8D5B-CE7092A0D8AF}"
EndProject
Project("{FAE04EC0-301F-11D3-BF4B-00C04F79EFBC}") = "KIT206_Tutorial06", "Week7\KIT206_Tutorial06.csproj", "{2E324CA0-3A84-406B-A44C-D6A5163F7794}"
EndProject
Project("{FAE04EC0-301F-11D3-BF4B-00C04F79EFBC}") = "KIT206_Tutorial07", "Week8\KIT206_Tutorial07.csproj", "{FEFBFFF4-C1C6-49B0-80D3-E22DAA43038E}"
EndProject
Project("{FAE04EC0-301F-11D3-BF4B-00C04F79EFBC}") = "KIT206_Tutorial08", "Week9\KIT206_Tutorial08.csproj", "{C98F18A5-5D9D-4BB2-BA9B-C344553782FF}"
EndProject
Project("{FAE04EC0-301F-11D3-BF4B-00C04F79EFBC}") = "LINQ_SelectOperation", "LinqOfSelectOperation\LINQ_SelectOperation.csproj", "{0C42D7F6-BBAE-4A8E-AFC6-9C32172F8365}"
EndProject
Project("{FAE04EC0-301F-11D3-BF4B-00C04F79EFBC}") = "LINQ_Examples", "LINQ_Examples\LINQ_Examples.csproj", "{61712E0C-768C-4A93-8BD8-5374D442DA74}"
EndProject
Global
	GlobalSection(SolutionConfigurationPlatforms) = preSolution
		Debug|Any CPU = Debug|Any CPU
		Release|Any CPU = Release|Any CPU
	EndGlobalSection
	GlobalSection(ProjectConfigurationPlatforms) = postSolution
		{A34242FE-9361-413C-8D5B-CE7092A0D8AF}.Debug|Any CPU.ActiveCfg = Debug|Any CPU
		{A34242FE-9361-413C-8D5B-CE7092A0D8AF}.Debug|Any CPU.Build.0 = Debug|Any CPU
		{A34242FE-9361-413C-8D5B-CE7092A0D8AF}.Release|Any CPU.ActiveCfg = Release|Any CPU
		{A34242FE-9361-413C-8D5B-CE7092A0D8AF}.Release|Any CPU.Build.0 = Release|Any CPU
		{2E324CA0-3A84-406B-A44C-D6A5163F7794}.Debug|Any CPU.ActiveCfg = Debug|Any CPU
		{2E324CA0-3A84-406B-A44C-D6A5163F7794}.Debug|Any CPU.Build.0 = Debug|Any CPU
		{2E324CA0-3A84-406B-A44C-D6A5163F7794}.Release|Any CPU.ActiveCfg = Release|Any CPU
		{2E324CA0-3A84-406B-A44C-D6A5163F7794}.Release|Any CPU.Build.0 = Release|Any CPU
		{FEFBFFF4-C1C6-49B0-80D3-E22DAA43038E}.Debug|Any CPU.ActiveCfg = Debug|Any CPU
		{FEFBFFF4-C1C6-49B0-80D3-E22DAA43038E}.Debug|Any CPU.Build.0 = Debug|Any CPU
		{FEFBFFF4-C1C6-49B0-80D3-E22DAA43038E}.Release|Any CPU.ActiveCfg = Release|Any CPU
		{FEFBFFF4-C1C6-49B0-80D3-E22DAA43038E}.Release|Any CPU.Build.0 = Release|Any CPU
		{C98F18A5-5D9D-4BB2-BA9B-C344553782FF}.Debug|Any CPU.ActiveCfg = Debug|Any CPU
		{C98F18A5-5D9D-4BB2-BA9B-C344553782FF}.Debug|Any CPU.Build.0 = Debug|Any CPU
		{C98F18A5-5D9D-4BB2-BA9B-C344553782FF}.Release|Any CPU.ActiveCfg = Release|Any CPU
		{C98F18A5-5D9D-4BB2-BA9B-C344553782FF}.Release|Any CPU.Build.0 = Release|Any CPU
		{0C42D7F6-BBAE-4A8E-AFC6-9C32172F8365}.Debug|Any CPU.ActiveCfg = Debug|Any CPU
		{0C42D7F6-BBAE-4A8E-AFC6-9C32172F8365}.Debug|Any CPU.Build.0 = Debug|Any CPU
		{0C42D7F6-BBAE-4A8E-AFC6-9C32172F8365}.Release|Any CPU.ActiveCfg = Release|Any CPU
		{0C42D7F6-BBAE-4A8E-AFC6-9C32172F8365}.Release|Any CPU.Build.0 = Release|Any CPU
		{61712E0C-768C-4A93-8BD8-5374D442DA74}.Debug|Any CPU.ActiveCfg = Debug|Any CPU
		{61712E0C-768C-4A93-8BD8-5374D442DA74}.Debug|Any CPU.Build.0 = Debug|Any CPU
		{61712E0C-768C-4A93-8BD8-5374D442DA74}.Release|Any CPU.ActiveCfg = Release|Any CPU
		{61712E0C-768C-4A93-8BD8-5374D442DA74}.Release|Any CPU.Build.0 = Release|Any CPU
	EndGlobalSection
	GlobalSection(SolutionProperties) = preSolution
		HideSolutionNode = FALSE
	EndGlobalSection
EndGlobal
